
Microsoft Visual Studio Solution File, Format Version 12.00
# Visual Studio Version 17
VisualStudioVersion = 17.11.35327.3
MinimumVisualStudioVersion = 10.0.40219.1
Project("{9A19103F-16F7-4668-BE54-9A1E7A4F7556}") = "Lesson1", "Lesson1\Lesson1.csproj", "{231AD1AF-8274-4565-A809-7A06B0E4FCDE}"
EndProject
Project("{FAE04EC0-301F-11D3-BF4B-00C04F79EFBC}") = "Lesson2", "Lesson2\Lesson2.csproj", "{B66DA583-91A3-45CC-BFE2-6C78C19CA41B}"
EndProject
Global
	GlobalSection(SolutionConfigurationPlatforms) = preSolution
		Debug|Any CPU = Debug|Any CPU
		Release|Any CPU = Release|Any CPU
	EndGlobalSection
	GlobalSection(ProjectConfigurationPlatforms) = postSolution
		{231AD1AF-8274-4565-A809-7A06B0E4FCDE}.Debug|Any CPU.ActiveCfg = Debug|Any CPU
		{231AD1AF-8274-4565-A809-7A06B0E4FCDE}.Debug|Any CPU.Build.0 = Debug|Any CPU
		{231AD1AF-8274-4565-A809-7A06B0E4FCDE}.Release|Any CPU.ActiveCfg = Release|Any CPU
		{231AD1AF-8274-4565-A809-7A06B0E4FCDE}.Release|Any CPU.Build.0 = Release|Any CPU
		{B66DA583-91A3-45CC-BFE2-6C78C19CA41B}.Debug|Any CPU.ActiveCfg = Debug|Any CPU
		{B66DA583-91A3-45CC-BFE2-6C78C19CA41B}.Debug|Any CPU.Build.0 = Debug|Any CPU
		{B66DA583-91A3-45CC-BFE2-6C78C19CA41B}.Release|Any CPU.ActiveCfg = Release|Any CPU
		{B66DA583-91A3-45CC-BFE2-6C78C19CA41B}.Release|Any CPU.Build.0 = Release|Any CPU
	EndGlobalSection
	GlobalSection(SolutionProperties) = preSolution
		HideSolutionNode = FALSE
	EndGlobalSection
	GlobalSection(ExtensibilityGlobals) = postSolution
		SolutionGuid = {10DFBA6B-2F71-4101-A74B-428A76EBE540}
	EndGlobalSection
EndGlobal
